
Microsoft Visual Studio Solution File, Format Version 12.00
# Visual Studio Version 17
VisualStudioVersion = 17.7.34024.191
MinimumVisualStudioVersion = 10.0.40219.1
Project("{8BC9CEB8-8B4A-11D0-8D11-00A0C91BC942}") = "lab-02", "lab-02.vcxproj", "{050D6D40-EE80-4485-A0BD-92EE318A7903}"
EndProject
Global
	GlobalSection(SolutionConfigurationPlatforms) = preSolution
		Debug|x64 = Debug|x64
		Debug|x86 = Debug|x86
		Release|x64 = Release|x64
		Release|x86 = Release|x86
	EndGlobalSection
	GlobalSection(ProjectConfigurationPlatforms) = postSolution
		{050D6D40-EE80-4485-A0BD-92EE318A7903}.Debug|x64.ActiveCfg = Debug|x64
		{050D6D40-EE80-4485-A0BD-92EE318A7903}.Debug|x64.Build.0 = Debug|x64
		{050D6D40-EE80-4485-A0BD-92EE318A7903}.Debug|x86.ActiveCfg = Debug|Win32
		{050D6D40-EE80-4485-A0BD-92EE318A7903}.Debug|x86.Build.0 = Debug|Win32
		{050D6D40-EE80-4485-A0BD-92EE318A7903}.Release|x64.ActiveCfg = Release|x64
		{050D6D40-EE80-4485-A0BD-92EE318A7903}.Release|x64.Build.0 = Release|x64
		{050D6D40-EE80-4485-A0BD-92EE318A7903}.Release|x86.ActiveCfg = Release|Win32
		{050D6D40-EE80-4485-A0BD-92EE318A7903}.Release|x86.Build.0 = Release|Win32
	EndGlobalSection
	GlobalSection(SolutionProperties) = preSolution
		HideSolutionNode = FALSE
	EndGlobalSection
	GlobalSection(ExtensibilityGlobals) = postSolution
		SolutionGuid = {7CC42DEB-58F5-4B04-B59E-A8A7E780FEBF}
	EndGlobalSection
EndGlobal
